
Microsoft Visual Studio Solution File, Format Version 12.00
# Visual Studio 15
VisualStudioVersion = 15.0.28307.705
MinimumVisualStudioVersion = 10.0.40219.1
Project("{FAE04EC0-301F-11D3-BF4B-00C04F79EFBC}") = "ProfitApp", "ProfitApp\ProfitApp.csproj", "{FCFF7960-18E9-45BE-A01E-41BA3980FE9D}"
EndProject
Project("{FAE04EC0-301F-11D3-BF4B-00C04F79EFBC}") = "ProfitLibrary", "ProfitLibrary\ProfitLibrary.csproj", "{F921552A-E1F0-48A0-A412-1892C42ECDFF}"
EndProject
Project("{FAE04EC0-301F-11D3-BF4B-00C04F79EFBC}") = "ProfitApp.Tests", "ProfitApp.Tests\ProfitApp.Tests.csproj", "{6080C300-C100-45A9-8EB3-678C9F39402C}"
EndProject
Project("{2150E333-8FDC-42A3-9474-1A3956D46DE8}") = "Tests", "Tests", "{4B0FABA4-032C-4C35-8E35-A3477DC06867}"
EndProject
Global
	GlobalSection(SolutionConfigurationPlatforms) = preSolution
		Debug|Any CPU = Debug|Any CPU
		Release|Any CPU = Release|Any CPU
	EndGlobalSection
	GlobalSection(ProjectConfigurationPlatforms) = postSolution
		{FCFF7960-18E9-45BE-A01E-41BA3980FE9D}.Debug|Any CPU.ActiveCfg = Debug|Any CPU
		{FCFF7960-18E9-45BE-A01E-41BA3980FE9D}.Debug|Any CPU.Build.0 = Debug|Any CPU
		{FCFF7960-18E9-45BE-A01E-41BA3980FE9D}.Release|Any CPU.ActiveCfg = Release|Any CPU
		{FCFF7960-18E9-45BE-A01E-41BA3980FE9D}.Release|Any CPU.Build.0 = Release|Any CPU
		{F921552A-E1F0-48A0-A412-1892C42ECDFF}.Debug|Any CPU.ActiveCfg = Debug|Any CPU
		{F921552A-E1F0-48A0-A412-1892C42ECDFF}.Debug|Any CPU.Build.0 = Debug|Any CPU
		{F921552A-E1F0-48A0-A412-1892C42ECDFF}.Release|Any CPU.ActiveCfg = Release|Any CPU
		{F921552A-E1F0-48A0-A412-1892C42ECDFF}.Release|Any CPU.Build.0 = Release|Any CPU
		{6080C300-C100-45A9-8EB3-678C9F39402C}.Debug|Any CPU.ActiveCfg = Debug|Any CPU
		{6080C300-C100-45A9-8EB3-678C9F39402C}.Debug|Any CPU.Build.0 = Debug|Any CPU
		{6080C300-C100-45A9-8EB3-678C9F39402C}.Release|Any CPU.ActiveCfg = Release|Any CPU
		{6080C300-C100-45A9-8EB3-678C9F39402C}.Release|Any CPU.Build.0 = Release|Any CPU
	EndGlobalSection
	GlobalSection(SolutionProperties) = preSolution
		HideSolutionNode = FALSE
	EndGlobalSection
	GlobalSection(NestedProjects) = preSolution
		{6080C300-C100-45A9-8EB3-678C9F39402C} = {4B0FABA4-032C-4C35-8E35-A3477DC06867}
	EndGlobalSection
	GlobalSection(ExtensibilityGlobals) = postSolution
		SolutionGuid = {763B9F48-3F7D-470F-9DE3-9C42A937D669}
	EndGlobalSection
EndGlobal
